{
  "requires": true,
  "lockfileVersion": 1,
  "dependencies": {
    "@wsloan/wsloan": {
      "version": "1.2.169",
      "resolved": "http://36.7.138.114:4873/@wsloan%2fwsloan/-/wsloan-1.2.169.tgz",
      "integrity": "sha1-C3T28WYyiOF+VVHLkDj7QoC3FuQ=",
      "dev": true,
      "requires": {
        "promise": "7.3.1",
        "simple-virtual-dom": "0.1.9"
      }
    },
    "asap": {
      "version": "2.0.6",
      "resolved": "http://36.7.138.114:4873/asap/-/asap-2.0.6.tgz",
      "integrity": "sha1-5QNHYR1+aQlDIIu9r+vLwvuGbUY=",
      "dev": true
    },
    "list-diff2": {
      "version": "0.1.4",
      "resolved": "http://36.7.138.114:4873/list-diff2/-/list-diff2-0.1.4.tgz",
      "integrity": "sha1-hTnAXFebQksTSaNL54UI05IN+Vg=",
      "dev": true
    },
    "promise": {
      "version": "7.3.1",
      "resolved": "http://36.7.138.114:4873/promise/-/promise-7.3.1.tgz",
      "integrity": "sha512-nolQXZ/4L+bP/UGlkfaIujX9BKxGwmQ9OT4mOt5yvy8iK1h3wqTEJCijzGANTCCl9nWjY41juyAn2K3Q1hLLTg==",
      "dev": true,
      "requires": {
        "asap": "2.0.6"
      }
    },
    "simple-virtual-dom": {
      "version": "0.1.9",
      "resolved": "http://36.7.138.114:4873/simple-virtual-dom/-/simple-virtual-dom-0.1.9.tgz",
      "integrity": "sha1-B2vDvaT/LyBXHSTi0twc5Uh8fsA=",
      "dev": true,
      "requires": {
        "list-diff2": "0.1.4"
      }
    }
  }
}
